
Microsoft Visual Studio Solution File, Format Version 12.00
# Visual Studio Version 17
VisualStudioVersion = 17.12.35527.113
MinimumVisualStudioVersion = 10.0.40219.1
Project("{FAE04EC0-301F-11D3-BF4B-00C04F79EFBC}") = "GrpcDotNet", "GrpcDotNet\GrpcDotNet.csproj", "{D0DB0E30-F4C1-4DC4-BD4C-D0F66C1BD8CC}"
EndProject
Project("{FAE04EC0-301F-11D3-BF4B-00C04F79EFBC}") = "Client", "Client\Client.csproj", "{3D4B596A-4A63-4575-9873-A8C3DA5D064C}"
EndProject
Project("{FAE04EC0-301F-11D3-BF4B-00C04F79EFBC}") = "MVCClient", "MVCClient\MVCClient.csproj", "{C21AC768-8C9C-4C41-BC29-3590973ED0D8}"
EndProject
Project("{FAE04EC0-301F-11D3-BF4B-00C04F79EFBC}") = "GrpcDotNet.Tests", "GrpcDotNet.Tests\GrpcDotNet.Tests.csproj", "{1303F4E8-5893-40E2-A774-C1FF1F77C5FF}"
EndProject
Project("{FAE04EC0-301F-11D3-BF4B-00C04F79EFBC}") = "GrpcDotNet.Tests.Integration", "GrpcDotNet.Tests.Integration\GrpcDotNet.Tests.Integration.csproj", "{318A64BA-5DA2-484B-9C4C-D65140BA8433}"
EndProject
Project("{FAE04EC0-301F-11D3-BF4B-00C04F79EFBC}") = "Auth", "Auth\Auth.csproj", "{CBD96E1E-AE89-46D3-8638-F9F03EF48F51}"
EndProject
Global
	GlobalSection(SolutionConfigurationPlatforms) = preSolution
		Debug|Any CPU = Debug|Any CPU
		Release|Any CPU = Release|Any CPU
	EndGlobalSection
	GlobalSection(ProjectConfigurationPlatforms) = postSolution
		{D0DB0E30-F4C1-4DC4-BD4C-D0F66C1BD8CC}.Debug|Any CPU.ActiveCfg = Debug|Any CPU
		{D0DB0E30-F4C1-4DC4-BD4C-D0F66C1BD8CC}.Debug|Any CPU.Build.0 = Debug|Any CPU
		{D0DB0E30-F4C1-4DC4-BD4C-D0F66C1BD8CC}.Release|Any CPU.ActiveCfg = Release|Any CPU
		{D0DB0E30-F4C1-4DC4-BD4C-D0F66C1BD8CC}.Release|Any CPU.Build.0 = Release|Any CPU
		{3D4B596A-4A63-4575-9873-A8C3DA5D064C}.Debug|Any CPU.ActiveCfg = Debug|Any CPU
		{3D4B596A-4A63-4575-9873-A8C3DA5D064C}.Debug|Any CPU.Build.0 = Debug|Any CPU
		{3D4B596A-4A63-4575-9873-A8C3DA5D064C}.Release|Any CPU.ActiveCfg = Release|Any CPU
		{3D4B596A-4A63-4575-9873-A8C3DA5D064C}.Release|Any CPU.Build.0 = Release|Any CPU
		{C21AC768-8C9C-4C41-BC29-3590973ED0D8}.Debug|Any CPU.ActiveCfg = Debug|Any CPU
		{C21AC768-8C9C-4C41-BC29-3590973ED0D8}.Debug|Any CPU.Build.0 = Debug|Any CPU
		{C21AC768-8C9C-4C41-BC29-3590973ED0D8}.Release|Any CPU.ActiveCfg = Release|Any CPU
		{C21AC768-8C9C-4C41-BC29-3590973ED0D8}.Release|Any CPU.Build.0 = Release|Any CPU
		{1303F4E8-5893-40E2-A774-C1FF1F77C5FF}.Debug|Any CPU.ActiveCfg = Debug|Any CPU
		{1303F4E8-5893-40E2-A774-C1FF1F77C5FF}.Debug|Any CPU.Build.0 = Debug|Any CPU
		{1303F4E8-5893-40E2-A774-C1FF1F77C5FF}.Release|Any CPU.ActiveCfg = Release|Any CPU
		{1303F4E8-5893-40E2-A774-C1FF1F77C5FF}.Release|Any CPU.Build.0 = Release|Any CPU
		{318A64BA-5DA2-484B-9C4C-D65140BA8433}.Debug|Any CPU.ActiveCfg = Debug|Any CPU
		{318A64BA-5DA2-484B-9C4C-D65140BA8433}.Debug|Any CPU.Build.0 = Debug|Any CPU
		{318A64BA-5DA2-484B-9C4C-D65140BA8433}.Release|Any CPU.ActiveCfg = Release|Any CPU
		{318A64BA-5DA2-484B-9C4C-D65140BA8433}.Release|Any CPU.Build.0 = Release|Any CPU
		{CBD96E1E-AE89-46D3-8638-F9F03EF48F51}.Debug|Any CPU.ActiveCfg = Debug|Any CPU
		{CBD96E1E-AE89-46D3-8638-F9F03EF48F51}.Debug|Any CPU.Build.0 = Debug|Any CPU
		{CBD96E1E-AE89-46D3-8638-F9F03EF48F51}.Release|Any CPU.ActiveCfg = Release|Any CPU
		{CBD96E1E-AE89-46D3-8638-F9F03EF48F51}.Release|Any CPU.Build.0 = Release|Any CPU
	EndGlobalSection
	GlobalSection(SolutionProperties) = preSolution
		HideSolutionNode = FALSE
	EndGlobalSection
EndGlobal
